// !$*UTF8*$!
{
	archiveVersion = 1;
	classes = {
	};
	objectVersion = 56;
	objects = {

/* Begin PBXBuildFile section */
		4A1C5AD12A1FA43B0094EE41 /* DetailViewController.swift in Sources */ = {isa = PBXBuildFile; fileRef = 4A1C5AD02A1FA43B0094EE41 /* DetailViewController.swift */; };
		4A9CE5FA2A1EB93F00E76730 /* AppDelegate.swift in Sources */ = {isa = PBXBuildFile; fileRef = 4A9CE5F92A1EB93F00E76730 /* AppDelegate.swift */; };
		4A9CE5FC2A1EB93F00E76730 /* SceneDelegate.swift in Sources */ = {isa = PBXBuildFile; fileRef = 4A9CE5FB2A1EB93F00E76730 /* SceneDelegate.swift */; };
		4A9CE5FE2A1EB93F00E76730 /* ViewController.swift in Sources */ = {isa = PBXBuildFile; fileRef = 4A9CE5FD2A1EB93F00E76730 /* ViewController.swift */; };
		4A9CE6012A1EB93F00E76730 /* Main.storyboard in Resources */ = {isa = PBXBuildFile; fileRef = 4A9CE5FF2A1EB93F00E76730 /* Main.storyboard */; };
		4A9CE6032A1EB94000E76730 /* Assets.xcassets in Resources */ = {isa = PBXBuildFile; fileRef = 4A9CE6022A1EB94000E76730 /* Assets.xcassets */; };
		4A9CE6062A1EB94000E76730 /* LaunchScreen.storyboard in Resources */ = {isa = PBXBuildFile; fileRef = 4A9CE6042A1EB94000E76730 /* LaunchScreen.storyboard */; };
		4A9CE6262A1EBC4800E76730 /* spain@2x.png in Resources */ = {isa = PBXBuildFile; fileRef = 4A9CE60E2A1EBC4800E76730 /* spain@2x.png */; };
		4A9CE6272A1EBC4800E76730 /* nigeria@2x.png in Resources */ = {isa = PBXBuildFile; fileRef = 4A9CE60F2A1EBC4800E76730 /* nigeria@2x.png */; };
		4A9CE6282A1EBC4800E76730 /* nigeria@3x.png in Resources */ = {isa = PBXBuildFile; fileRef = 4A9CE6102A1EBC4800E76730 /* nigeria@3x.png */; };
		4A9CE6292A1EBC4800E76730 /* spain@3x.png in Resources */ = {isa = PBXBuildFile; fileRef = 4A9CE6112A1EBC4800E76730 /* spain@3x.png */; };
		4A9CE62A2A1EBC4800E76730 /* italy@3x.png in Resources */ = {isa = PBXBuildFile; fileRef = 4A9CE6122A1EBC4800E76730 /* italy@3x.png */; };
		4A9CE62B2A1EBC4800E76730 /* ireland@2x.png in Resources */ = {isa = PBXBuildFile; fileRef = 4A9CE6132A1EBC4800E76730 /* ireland@2x.png */; };
		4A9CE62C2A1EBC4800E76730 /* germany@3x.png in Resources */ = {isa = PBXBuildFile; fileRef = 4A9CE6142A1EBC4800E76730 /* germany@3x.png */; };
		4A9CE62D2A1EBC4800E76730 /* germany@2x.png in Resources */ = {isa = PBXBuildFile; fileRef = 4A9CE6152A1EBC4800E76730 /* germany@2x.png */; };
		4A9CE62E2A1EBC4800E76730 /* ireland@3x.png in Resources */ = {isa = PBXBuildFile; fileRef = 4A9CE6162A1EBC4800E76730 /* ireland@3x.png */; };
		4A9CE62F2A1EBC4800E76730 /* italy@2x.png in Resources */ = {isa = PBXBuildFile; fileRef = 4A9CE6172A1EBC4800E76730 /* italy@2x.png */; };
		4A9CE6302A1EBC4800E76730 /* poland@2x.png in Resources */ = {isa = PBXBuildFile; fileRef = 4A9CE6182A1EBC4800E76730 /* poland@2x.png */; };
		4A9CE6312A1EBC4800E76730 /* russia@2x.png in Resources */ = {isa = PBXBuildFile; fileRef = 4A9CE6192A1EBC4800E76730 /* russia@2x.png */; };
		4A9CE6322A1EBC4800E76730 /* estonia@2x.png in Resources */ = {isa = PBXBuildFile; fileRef = 4A9CE61A2A1EBC4800E76730 /* estonia@2x.png */; };
		4A9CE6332A1EBC4800E76730 /* estonia@3x.png in Resources */ = {isa = PBXBuildFile; fileRef = 4A9CE61B2A1EBC4800E76730 /* estonia@3x.png */; };
		4A9CE6342A1EBC4800E76730 /* russia@3x.png in Resources */ = {isa = PBXBuildFile; fileRef = 4A9CE61C2A1EBC4800E76730 /* russia@3x.png */; };
		4A9CE6352A1EBC4800E76730 /* poland@3x.png in Resources */ = {isa = PBXBuildFile; fileRef = 4A9CE61D2A1EBC4800E76730 /* poland@3x.png */; };
		4A9CE6362A1EBC4800E76730 /* uk@3x.png in Resources */ = {isa = PBXBuildFile; fileRef = 4A9CE61E2A1EBC4800E76730 /* uk@3x.png */; };
		4A9CE6372A1EBC4800E76730 /* us@3x.png in Resources */ = {isa = PBXBuildFile; fileRef = 4A9CE61F2A1EBC4800E76730 /* us@3x.png */; };
		4A9CE6382A1EBC4800E76730 /* france@3x.png in Resources */ = {isa = PBXBuildFile; fileRef = 4A9CE6202A1EBC4800E76730 /* france@3x.png */; };
		4A9CE6392A1EBC4800E76730 /* monaco@2x.png in Resources */ = {isa = PBXBuildFile; fileRef = 4A9CE6212A1EBC4800E76730 /* monaco@2x.png */; };
		4A9CE63A2A1EBC4800E76730 /* monaco@3x.png in Resources */ = {isa = PBXBuildFile; fileRef = 4A9CE6222A1EBC4800E76730 /* monaco@3x.png */; };
		4A9CE63B2A1EBC4800E76730 /* france@2x.png in Resources */ = {isa = PBXBuildFile; fileRef = 4A9CE6232A1EBC4800E76730 /* france@2x.png */; };
		4A9CE63C2A1EBC4800E76730 /* us@2x.png in Resources */ = {isa = PBXBuildFile; fileRef = 4A9CE6242A1EBC4800E76730 /* us@2x.png */; };
		4A9CE63D2A1EBC4800E76730 /* uk@2x.png in Resources */ = {isa = PBXBuildFile; fileRef = 4A9CE6252A1EBC4800E76730 /* uk@2x.png */; };
/* End PBXBuildFile section */

/* Begin PBXFileReference section */
		4A1C5AD02A1FA43B0094EE41 /* DetailViewController.swift */ = {isa = PBXFileReference; lastKnownFileType = sourcecode.swift; path = DetailViewController.swift; sourceTree = "<group>"; };
		4A9CE5F62A1EB93F00E76730 /* UIKit-shareFlag.app */ = {isa = PBXFileReference; explicitFileType = wrapper.application; includeInIndex = 0; path = "UIKit-shareFlag.app"; sourceTree = BUILT_PRODUCTS_DIR; };
		4A9CE5F92A1EB93F00E76730 /* AppDelegate.swift */ = {isa = PBXFileReference; lastKnownFileType = sourcecode.swift; path = AppDelegate.swift; sourceTree = "<group>"; };
		4A9CE5FB2A1EB93F00E76730 /* SceneDelegate.swift */ = {isa = PBXFileReference; lastKnownFileType = sourcecode.swift; path = SceneDelegate.swift; sourceTree = "<group>"; };
		4A9CE5FD2A1EB93F00E76730 /* ViewController.swift */ = {isa = PBXFileReference; lastKnownFileType = sourcecode.swift; path = ViewController.swift; sourceTree = "<group>"; };
		4A9CE6002A1EB93F00E76730 /* Base */ = {isa = PBXFileReference; lastKnownFileType = file.storyboard; name = Base; path = Base.lproj/Main.storyboard; sourceTree = "<group>"; };
		4A9CE6022A1EB94000E76730 /* Assets.xcassets */ = {isa = PBXFileReference; lastKnownFileType = folder.assetcatalog; path = Assets.xcassets; sourceTree = "<group>"; };
		4A9CE6052A1EB94000E76730 /* Base */ = {isa = PBXFileReference; lastKnownFileType = file.storyboard; name = Base; path = Base.lproj/LaunchScreen.storyboard; sourceTree = "<group>"; };
		4A9CE6072A1EB94000E76730 /* Info.plist */ = {isa = PBXFileReference; lastKnownFileType = text.plist.xml; path = Info.plist; sourceTree = "<group>"; };
		4A9CE60E2A1EBC4800E76730 /* spain@2x.png */ = {isa = PBXFileReference; lastKnownFileType = image.png; path = "spain@2x.png"; sourceTree = "<group>"; };
		4A9CE60F2A1EBC4800E76730 /* nigeria@2x.png */ = {isa = PBXFileReference; lastKnownFileType = image.png; path = "nigeria@2x.png"; sourceTree = "<group>"; };
		4A9CE6102A1EBC4800E76730 /* nigeria@3x.png */ = {isa = PBXFileReference; lastKnownFileType = image.png; path = "nigeria@3x.png"; sourceTree = "<group>"; };
		4A9CE6112A1EBC4800E76730 /* spain@3x.png */ = {isa = PBXFileReference; lastKnownFileType = image.png; path = "spain@3x.png"; sourceTree = "<group>"; };
		4A9CE6122A1EBC4800E76730 /* italy@3x.png */ = {isa = PBXFileReference; lastKnownFileType = image.png; path = "italy@3x.png"; sourceTree = "<group>"; };
		4A9CE6132A1EBC4800E76730 /* ireland@2x.png */ = {isa = PBXFileReference; lastKnownFileType = image.png; path = "ireland@2x.png"; sourceTree = "<group>"; };
		4A9CE6142A1EBC4800E76730 /* germany@3x.png */ = {isa = PBXFileReference; lastKnownFileType = image.png; path = "germany@3x.png"; sourceTree = "<group>"; };
		4A9CE6152A1EBC4800E76730 /* germany@2x.png */ = {isa = PBXFileReference; lastKnownFileType = image.png; path = "germany@2x.png"; sourceTree = "<group>"; };
		4A9CE6162A1EBC4800E76730 /* ireland@3x.png */ = {isa = PBXFileReference; lastKnownFileType = image.png; path = "ireland@3x.png"; sourceTree = "<group>"; };
		4A9CE6172A1EBC4800E76730 /* italy@2x.png */ = {isa = PBXFileReference; lastKnownFileType = image.png; path = "italy@2x.png"; sourceTree = "<group>"; };
		4A9CE6182A1EBC4800E76730 /* poland@2x.png */ = {isa = PBXFileReference; lastKnownFileType = image.png; path = "poland@2x.png"; sourceTree = "<group>"; };
		4A9CE6192A1EBC4800E76730 /* russia@2x.png */ = {isa = PBXFileReference; lastKnownFileType = image.png; path = "russia@2x.png"; sourceTree = "<group>"; };
		4A9CE61A2A1EBC4800E76730 /* estonia@2x.png */ = {isa = PBXFileReference; lastKnownFileType = image.png; path = "estonia@2x.png"; sourceTree = "<group>"; };
		4A9CE61B2A1EBC4800E76730 /* estonia@3x.png */ = {isa = PBXFileReference; lastKnownFileType = image.png; path = "estonia@3x.png"; sourceTree = "<group>"; };
		4A9CE61C2A1EBC4800E76730 /* russia@3x.png */ = {isa = PBXFileReference; lastKnownFileType = image.png; path = "russia@3x.png"; sourceTree = "<group>"; };
		4A9CE61D2A1EBC4800E76730 /* poland@3x.png */ = {isa = PBXFileReference; lastKnownFileType = image.png; path = "poland@3x.png"; sourceTree = "<group>"; };
		4A9CE61E2A1EBC4800E76730 /* uk@3x.png */ = {isa = PBXFileReference; lastKnownFileType = image.png; path = "uk@3x.png"; sourceTree = "<group>"; };
		4A9CE61F2A1EBC4800E76730 /* us@3x.png */ = {isa = PBXFileReference; lastKnownFileType = image.png; path = "us@3x.png"; sourceTree = "<group>"; };
		4A9CE6202A1EBC4800E76730 /* france@3x.png */ = {isa = PBXFileReference; lastKnownFileType = image.png; path = "france@3x.png"; sourceTree = "<group>"; };
		4A9CE6212A1EBC4800E76730 /* monaco@2x.png */ = {isa = PBXFileReference; lastKnownFileType = image.png; path = "monaco@2x.png"; sourceTree = "<group>"; };
		4A9CE6222A1EBC4800E76730 /* monaco@3x.png */ = {isa = PBXFileReference; lastKnownFileType = image.png; path = "monaco@3x.png"; sourceTree = "<group>"; };
		4A9CE6232A1EBC4800E76730 /* france@2x.png */ = {isa = PBXFileReference; lastKnownFileType = image.png; path = "france@2x.png"; sourceTree = "<group>"; };
		4A9CE6242A1EBC4800E76730 /* us@2x.png */ = {isa = PBXFileReference; lastKnownFileType = image.png; path = "us@2x.png"; sourceTree = "<group>"; };
		4A9CE6252A1EBC4800E76730 /* uk@2x.png */ = {isa = PBXFileReference; lastKnownFileType = image.png; path = "uk@2x.png"; sourceTree = "<group>"; };
/* End PBXFileReference section */

/* Begin PBXFrameworksBuildPhase section */
		4A9CE5F32A1EB93F00E76730 /* Frameworks */ = {
			isa = PBXFrameworksBuildPhase;
			buildActionMask = 2147483647;
			files = (
			);
			runOnlyForDeploymentPostprocessing = 0;
		};
/* End PBXFrameworksBuildPhase section */

/* Begin PBXGroup section */
		4A9CE5ED2A1EB93F00E76730 = {
			isa = PBXGroup;
			children = (
				4A9CE5F82A1EB93F00E76730 /* UIKit-shareFlag */,
				4A9CE5F72A1EB93F00E76730 /* Products */,
			);
			sourceTree = "<group>";
		};
		4A9CE5F72A1EB93F00E76730 /* Products */ = {
			isa = PBXGroup;
			children = (
				4A9CE5F62A1EB93F00E76730 /* UIKit-shareFlag.app */,
			);
			name = Products;
			sourceTree = "<group>";
		};
		4A9CE5F82A1EB93F00E76730 /* UIKit-shareFlag */ = {
			isa = PBXGroup;
			children = (
				4A9CE5F92A1EB93F00E76730 /* AppDelegate.swift */,
				4A9CE5FB2A1EB93F00E76730 /* SceneDelegate.swift */,
				4A9CE5FD2A1EB93F00E76730 /* ViewController.swift */,
				4A9CE5FF2A1EB93F00E76730 /* Main.storyboard */,
				4A1C5AD02A1FA43B0094EE41 /* DetailViewController.swift */,
				4A9CE6022A1EB94000E76730 /* Assets.xcassets */,
				4A9CE6042A1EB94000E76730 /* LaunchScreen.storyboard */,
				4A9CE6072A1EB94000E76730 /* Info.plist */,
				4A9CE60D2A1EBC4800E76730 /* content */,
			);
			path = "UIKit-shareFlag";
			sourceTree = "<group>";
		};
		4A9CE60D2A1EBC4800E76730 /* content */ = {
			isa = PBXGroup;
			children = (
				4A9CE60E2A1EBC4800E76730 /* spain@2x.png */,
				4A9CE60F2A1EBC4800E76730 /* nigeria@2x.png */,
				4A9CE6102A1EBC4800E76730 /* nigeria@3x.png */,
				4A9CE6112A1EBC4800E76730 /* spain@3x.png */,
				4A9CE6122A1EBC4800E76730 /* italy@3x.png */,
				4A9CE6132A1EBC4800E76730 /* ireland@2x.png */,
				4A9CE6142A1EBC4800E76730 /* germany@3x.png */,
				4A9CE6152A1EBC4800E76730 /* germany@2x.png */,
				4A9CE6162A1EBC4800E76730 /* ireland@3x.png */,
				4A9CE6172A1EBC4800E76730 /* italy@2x.png */,
				4A9CE6182A1EBC4800E76730 /* poland@2x.png */,
				4A9CE6192A1EBC4800E76730 /* russia@2x.png */,
				4A9CE61A2A1EBC4800E76730 /* estonia@2x.png */,
				4A9CE61B2A1EBC4800E76730 /* estonia@3x.png */,
				4A9CE61C2A1EBC4800E76730 /* russia@3x.png */,
				4A9CE61D2A1EBC4800E76730 /* poland@3x.png */,
				4A9CE61E2A1EBC4800E76730 /* uk@3x.png */,
				4A9CE61F2A1EBC4800E76730 /* us@3x.png */,
				4A9CE6202A1EBC4800E76730 /* france@3x.png */,
				4A9CE6212A1EBC4800E76730 /* monaco@2x.png */,
				4A9CE6222A1EBC4800E76730 /* monaco@3x.png */,
				4A9CE6232A1EBC4800E76730 /* france@2x.png */,
				4A9CE6242A1EBC4800E76730 /* us@2x.png */,
				4A9CE6252A1EBC4800E76730 /* uk@2x.png */,
			);
			path = content;
			sourceTree = "<group>";
		};
/* End PBXGroup section */

/* Begin PBXNativeTarget section */
		4A9CE5F52A1EB93F00E76730 /* UIKit-shareFlag */ = {
			isa = PBXNativeTarget;
			buildConfigurationList = 4A9CE60A2A1EB94000E76730 /* Build configuration list for PBXNativeTarget "UIKit-shareFlag" */;
			buildPhases = (
				4A9CE5F22A1EB93F00E76730 /* Sources */,
				4A9CE5F32A1EB93F00E76730 /* Frameworks */,
				4A9CE5F42A1EB93F00E76730 /* Resources */,
			);
			buildRules = (
			);
			dependencies = (
			);
			name = "UIKit-shareFlag";
			productName = "UIKit-shareFlag";
			productReference = 4A9CE5F62A1EB93F00E76730 /* UIKit-shareFlag.app */;
			productType = "com.apple.product-type.application";
		};
/* End PBXNativeTarget section */

/* Begin PBXProject section */
		4A9CE5EE2A1EB93F00E76730 /* Project object */ = {
			isa = PBXProject;
			attributes = {
				BuildIndependentTargetsInParallel = 1;
				LastSwiftUpdateCheck = 1430;
				LastUpgradeCheck = 1430;
				TargetAttributes = {
					4A9CE5F52A1EB93F00E76730 = {
						CreatedOnToolsVersion = 14.3;
					};
				};
			};
			buildConfigurationList = 4A9CE5F12A1EB93F00E76730 /* Build configuration list for PBXProject "UIKit-shareFlag" */;
			compatibilityVersion = "Xcode 14.0";
			developmentRegion = en;
			hasScannedForEncodings = 0;
			knownRegions = (
				en,
				Base,
			);
			mainGroup = 4A9CE5ED2A1EB93F00E76730;
			productRefGroup = 4A9CE5F72A1EB93F00E76730 /* Products */;
			projectDirPath = "";
			projectRoot = "";
			targets = (
				4A9CE5F52A1EB93F00E76730 /* UIKit-shareFlag */,
			);
		};
/* End PBXProject section */

/* Begin PBXResourcesBuildPhase section */
		4A9CE5F42A1EB93F00E76730 /* Resources */ = {
			isa = PBXResourcesBuildPhase;
			buildActionMask = 2147483647;
			files = (
				4A9CE63A2A1EBC4800E76730 /* monaco@3x.png in Resources */,
				4A9CE6272A1EBC4800E76730 /* nigeria@2x.png in Resources */,
				4A9CE63C2A1EBC4800E76730 /* us@2x.png in Resources */,
				4A9CE6282A1EBC4800E76730 /* nigeria@3x.png in Resources */,
				4A9CE6352A1EBC4800E76730 /* poland@3x.png in Resources */,
				4A9CE6362A1EBC4800E76730 /* uk@3x.png in Resources */,
				4A9CE63B2A1EBC4800E76730 /* france@2x.png in Resources */,
				4A9CE62F2A1EBC4800E76730 /* italy@2x.png in Resources */,
				4A9CE6262A1EBC4800E76730 /* spain@2x.png in Resources */,
				4A9CE62C2A1EBC4800E76730 /* germany@3x.png in Resources */,
				4A9CE6062A1EB94000E76730 /* LaunchScreen.storyboard in Resources */,
				4A9CE6302A1EBC4800E76730 /* poland@2x.png in Resources */,
				4A9CE6032A1EB94000E76730 /* Assets.xcassets in Resources */,
				4A9CE62A2A1EBC4800E76730 /* italy@3x.png in Resources */,
				4A9CE6332A1EBC4800E76730 /* estonia@3x.png in Resources */,
				4A9CE6392A1EBC4800E76730 /* monaco@2x.png in Resources */,
				4A9CE6012A1EB93F00E76730 /* Main.storyboard in Resources */,
				4A9CE62B2A1EBC4800E76730 /* ireland@2x.png in Resources */,
				4A9CE62D2A1EBC4800E76730 /* germany@2x.png in Resources */,
				4A9CE6372A1EBC4800E76730 /* us@3x.png in Resources */,
				4A9CE6292A1EBC4800E76730 /* spain@3x.png in Resources */,
				4A9CE6312A1EBC4800E76730 /* russia@2x.png in Resources */,
				4A9CE6322A1EBC4800E76730 /* estonia@2x.png in Resources */,
				4A9CE6342A1EBC4800E76730 /* russia@3x.png in Resources */,
				4A9CE63D2A1EBC4800E76730 /* uk@2x.png in Resources */,
				4A9CE6382A1EBC4800E76730 /* france@3x.png in Resources */,
				4A9CE62E2A1EBC4800E76730 /* ireland@3x.png in Resources */,
			);
			runOnlyForDeploymentPostprocessing = 0;
		};
/* End PBXResourcesBuildPhase section */

/* Begin PBXSourcesBuildPhase section */
		4A9CE5F22A1EB93F00E76730 /* Sources */ = {
			isa = PBXSourcesBuildPhase;
			buildActionMask = 2147483647;
			files = (
				4A9CE5FE2A1EB93F00E76730 /* ViewController.swift in Sources */,
				4A9CE5FA2A1EB93F00E76730 /* AppDelegate.swift in Sources */,
				4A9CE5FC2A1EB93F00E76730 /* SceneDelegate.swift in Sources */,
				4A1C5AD12A1FA43B0094EE41 /* DetailViewController.swift in Sources */,
			);
			runOnlyForDeploymentPostprocessing = 0;
		};
/* End PBXSourcesBuildPhase section */

/* Begin PBXVariantGroup section */
		4A9CE5FF2A1EB93F00E76730 /* Main.storyboard */ = {
			isa = PBXVariantGroup;
			children = (
				4A9CE6002A1EB93F00E76730 /* Base */,
			);
			name = Main.storyboard;
			sourceTree = "<group>";
		};
		4A9CE6042A1EB94000E76730 /* LaunchScreen.storyboard */ = {
			isa = PBXVariantGroup;
			children = (
				4A9CE6052A1EB94000E76730 /* Base */,
			);
			name = LaunchScreen.storyboard;
			sourceTree = "<group>";
		};
/* End PBXVariantGroup section */

/* Begin XCBuildConfiguration section */
		4A9CE6082A1EB94000E76730 /* Debug */ = {
			isa = XCBuildConfiguration;
			buildSettings = {
				ALWAYS_SEARCH_USER_PATHS = NO;
				CLANG_ANALYZER_NONNULL = YES;
				CLANG_ANALYZER_NUMBER_OBJECT_CONVERSION = YES_AGGRESSIVE;
				CLANG_CXX_LANGUAGE_STANDARD = "gnu++20";
				CLANG_ENABLE_MODULES = YES;
				CLANG_ENABLE_OBJC_ARC = YES;
				CLANG_ENABLE_OBJC_WEAK = YES;
				CLANG_WARN_BLOCK_CAPTURE_AUTORELEASING = YES;
				CLANG_WARN_BOOL_CONVERSION = YES;
				CLANG_WARN_COMMA = YES;
				CLANG_WARN_CONSTANT_CONVERSION = YES;
				CLANG_WARN_DEPRECATED_OBJC_IMPLEMENTATIONS = YES;
				CLANG_WARN_DIRECT_OBJC_ISA_USAGE = YES_ERROR;
				CLANG_WARN_DOCUMENTATION_COMMENTS = YES;
				CLANG_WARN_EMPTY_BODY = YES;
				CLANG_WARN_ENUM_CONVERSION = YES;
				CLANG_WARN_INFINITE_RECURSION = YES;
				CLANG_WARN_INT_CONVERSION = YES;
				CLANG_WARN_NON_LITERAL_NULL_CONVERSION = YES;
				CLANG_WARN_OBJC_IMPLICIT_RETAIN_SELF = YES;
				CLANG_WARN_OBJC_LITERAL_CONVERSION = YES;
				CLANG_WARN_OBJC_ROOT_CLASS = YES_ERROR;
				CLANG_WARN_QUOTED_INCLUDE_IN_FRAMEWORK_HEADER = YES;
				CLANG_WARN_RANGE_LOOP_ANALYSIS = YES;
				CLANG_WARN_STRICT_PROTOTYPES = YES;
				CLANG_WARN_SUSPICIOUS_MOVE = YES;
				CLANG_WARN_UNGUARDED_AVAILABILITY = YES_AGGRESSIVE;
				CLANG_WARN_UNREACHABLE_CODE = YES;
				CLANG_WARN__DUPLICATE_METHOD_MATCH = YES;
				COPY_PHASE_STRIP = NO;
				DEBUG_INFORMATION_FORMAT = dwarf;
				ENABLE_STRICT_OBJC_MSGSEND = YES;
				ENABLE_TESTABILITY = YES;
				GCC_C_LANGUAGE_STANDARD = gnu11;
				GCC_DYNAMIC_NO_PIC = NO;
				GCC_NO_COMMON_BLOCKS = YES;
				GCC_OPTIMIZATION_LEVEL = 0;
				GCC_PREPROCESSOR_DEFINITIONS = (
					"DEBUG=1",
					"$(inherited)",
				);
				GCC_WARN_64_TO_32_BIT_CONVERSION = YES;
				GCC_WARN_ABOUT_RETURN_TYPE = YES_ERROR;
				GCC_WARN_UNDECLARED_SELECTOR = YES;
				GCC_WARN_UNINITIALIZED_AUTOS = YES_AGGRESSIVE;
				GCC_WARN_UNUSED_FUNCTION = YES;
				GCC_WARN_UNUSED_VARIABLE = YES;
				IPHONEOS_DEPLOYMENT_TARGET = 16.4;
				MTL_ENABLE_DEBUG_INFO = INCLUDE_SOURCE;
				MTL_FAST_MATH = YES;
				ONLY_ACTIVE_ARCH = YES;
				SDKROOT = iphoneos;
				SWIFT_ACTIVE_COMPILATION_CONDITIONS = DEBUG;
				SWIFT_OPTIMIZATION_LEVEL = "-Onone";
			};
			name = Debug;
		};
		4A9CE6092A1EB94000E76730 /* Release */ = {
			isa = XCBuildConfiguration;
			buildSettings = {
				ALWAYS_SEARCH_USER_PATHS = NO;
				CLANG_ANALYZER_NONNULL = YES;
				CLANG_ANALYZER_NUMBER_OBJECT_CONVERSION = YES_AGGRESSIVE;
				CLANG_CXX_LANGUAGE_STANDARD = "gnu++20";
				CLANG_ENABLE_MODULES = YES;
				CLANG_ENABLE_OBJC_ARC = YES;
				CLANG_ENABLE_OBJC_WEAK = YES;
				CLANG_WARN_BLOCK_CAPTURE_AUTORELEASING = YES;
				CLANG_WARN_BOOL_CONVERSION = YES;
				CLANG_WARN_COMMA = YES;
				CLANG_WARN_CONSTANT_CONVERSION = YES;
				CLANG_WARN_DEPRECATED_OBJC_IMPLEMENTATIONS = YES;
				CLANG_WARN_DIRECT_OBJC_ISA_USAGE = YES_ERROR;
				CLANG_WARN_DOCUMENTATION_COMMENTS = YES;
				CLANG_WARN_EMPTY_BODY = YES;
				CLANG_WARN_ENUM_CONVERSION = YES;
				CLANG_WARN_INFINITE_RECURSION = YES;
				CLANG_WARN_INT_CONVERSION = YES;
				CLANG_WARN_NON_LITERAL_NULL_CONVERSION = YES;
				CLANG_WARN_OBJC_IMPLICIT_RETAIN_SELF = YES;
				CLANG_WARN_OBJC_LITERAL_CONVERSION = YES;
				CLANG_WARN_OBJC_ROOT_CLASS = YES_ERROR;
				CLANG_WARN_QUOTED_INCLUDE_IN_FRAMEWORK_HEADER = YES;
				CLANG_WARN_RANGE_LOOP_ANALYSIS = YES;
				CLANG_WARN_STRICT_PROTOTYPES = YES;
				CLANG_WARN_SUSPICIOUS_MOVE = YES;
				CLANG_WARN_UNGUARDED_AVAILABILITY = YES_AGGRESSIVE;
				CLANG_WARN_UNREACHABLE_CODE = YES;
				CLANG_WARN__DUPLICATE_METHOD_MATCH = YES;
				COPY_PHASE_STRIP = NO;
				DEBUG_INFORMATION_FORMAT = "dwarf-with-dsym";
				ENABLE_NS_ASSERTIONS = NO;
				ENABLE_STRICT_OBJC_MSGSEND = YES;
				GCC_C_LANGUAGE_STANDARD = gnu11;
				GCC_NO_COMMON_BLOCKS = YES;
				GCC_WARN_64_TO_32_BIT_CONVERSION = YES;
				GCC_WARN_ABOUT_RETURN_TYPE = YES_ERROR;
				GCC_WARN_UNDECLARED_SELECTOR = YES;
				GCC_WARN_UNINITIALIZED_AUTOS = YES_AGGRESSIVE;
				GCC_WARN_UNUSED_FUNCTION = YES;
				GCC_WARN_UNUSED_VARIABLE = YES;
				IPHONEOS_DEPLOYMENT_TARGET = 16.4;
				MTL_ENABLE_DEBUG_INFO = NO;
				MTL_FAST_MATH = YES;
				SDKROOT = iphoneos;
				SWIFT_COMPILATION_MODE = wholemodule;
				SWIFT_OPTIMIZATION_LEVEL = "-O";
				VALIDATE_PRODUCT = YES;
			};
			name = Release;
		};
		4A9CE60B2A1EB94000E76730 /* Debug */ = {
			isa = XCBuildConfiguration;
			buildSettings = {
				ASSETCATALOG_COMPILER_APPICON_NAME = AppIcon;
				ASSETCATALOG_COMPILER_GLOBAL_ACCENT_COLOR_NAME = AccentColor;
				CODE_SIGN_STYLE = Automatic;
				CURRENT_PROJECT_VERSION = 1;
				DEVELOPMENT_TEAM = QLKDNUK9DD;
				GENERATE_INFOPLIST_FILE = YES;
				INFOPLIST_FILE = "UIKit-shareFlag/Info.plist";
				INFOPLIST_KEY_UIApplicationSupportsIndirectInputEvents = YES;
				INFOPLIST_KEY_UILaunchStoryboardName = LaunchScreen;
				INFOPLIST_KEY_UIMainStoryboardFile = Main;
				INFOPLIST_KEY_UISupportedInterfaceOrientations_iPad = "UIInterfaceOrientationPortrait UIInterfaceOrientationPortraitUpsideDown UIInterfaceOrientationLandscapeLeft UIInterfaceOrientationLandscapeRight";
				INFOPLIST_KEY_UISupportedInterfaceOrientations_iPhone = "UIInterfaceOrientationPortrait UIInterfaceOrientationLandscapeLeft UIInterfaceOrientationLandscapeRight";
				IPHONEOS_DEPLOYMENT_TARGET = 15.0;
				LD_RUNPATH_SEARCH_PATHS = (
					"$(inherited)",
					"@executable_path/Frameworks",
				);
				MARKETING_VERSION = 1.0;
				PRODUCT_BUNDLE_IDENTIFIER = "com.mocha.UIKit-shareFlag";
				PRODUCT_NAME = "$(TARGET_NAME)";
				SWIFT_EMIT_LOC_STRINGS = YES;
				SWIFT_VERSION = 5.0;
				TARGETED_DEVICE_FAMILY = "1,2";
			};
			name = Debug;
		};
		4A9CE60C2A1EB94000E76730 /* Release */ = {
			isa = XCBuildConfiguration;
			buildSettings = {
				ASSETCATALOG_COMPILER_APPICON_NAME = AppIcon;
				ASSETCATALOG_COMPILER_GLOBAL_ACCENT_COLOR_NAME = AccentColor;
				CODE_SIGN_STYLE = Automatic;
				CURRENT_PROJECT_VERSION = 1;
				DEVELOPMENT_TEAM = QLKDNUK9DD;
				GENERATE_INFOPLIST_FILE = YES;
				INFOPLIST_FILE = "UIKit-shareFlag/Info.plist";
				INFOPLIST_KEY_UIApplicationSupportsIndirectInputEvents = YES;
				INFOPLIST_KEY_UILaunchStoryboardName = LaunchScreen;
				INFOPLIST_KEY_UIMainStoryboardFile = Main;
				INFOPLIST_KEY_UISupportedInterfaceOrientations_iPad = "UIInterfaceOrientationPortrait UIInterfaceOrientationPortraitUpsideDown UIInterfaceOrientationLandscapeLeft UIInterfaceOrientationLandscapeRight";
				INFOPLIST_KEY_UISupportedInterfaceOrientations_iPhone = "UIInterfaceOrientationPortrait UIInterfaceOrientationLandscapeLeft UIInterfaceOrientationLandscapeRight";
				IPHONEOS_DEPLOYMENT_TARGET = 15.0;
				LD_RUNPATH_SEARCH_PATHS = (
					"$(inherited)",
					"@executable_path/Frameworks",
				);
				MARKETING_VERSION = 1.0;
				PRODUCT_BUNDLE_IDENTIFIER = "com.mocha.UIKit-shareFlag";
				PRODUCT_NAME = "$(TARGET_NAME)";
				SWIFT_EMIT_LOC_STRINGS = YES;
				SWIFT_VERSION = 5.0;
				TARGETED_DEVICE_FAMILY = "1,2";
			};
			name = Release;
		};
/* End XCBuildConfiguration section */

/* Begin XCConfigurationList section */
		4A9CE5F12A1EB93F00E76730 /* Build configuration list for PBXProject "UIKit-shareFlag" */ = {
			isa = XCConfigurationList;
			buildConfigurations = (
				4A9CE6082A1EB94000E76730 /* Debug */,
				4A9CE6092A1EB94000E76730 /* Release */,
			);
			defaultConfigurationIsVisible = 0;
			defaultConfigurationName = Release;
		};
		4A9CE60A2A1EB94000E76730 /* Build configuration list for PBXNativeTarget "UIKit-shareFlag" */ = {
			isa = XCConfigurationList;
			buildConfigurations = (
				4A9CE60B2A1EB94000E76730 /* Debug */,
				4A9CE60C2A1EB94000E76730 /* Release */,
			);
			defaultConfigurationIsVisible = 0;
			defaultConfigurationName = Release;
		};
/* End XCConfigurationList section */
	};
	rootObject = 4A9CE5EE2A1EB93F00E76730 /* Project object */;
}
